<?xml version="1.0" encoding="UTF-8" standalone="yes" ?>
<CodeBlocks_project_file>
	<FileVersion major="1" minor="6" />
	<Project>
		<Option title="project" />
		<Option pch_mode="2" />
		<Option compiler="gcc" />
		<Build>
			<Target title="Release">
				<Option output="bin/Release/project" prefix_auto="1" extension_auto="1" />
				<Option object_output="obj/Release/" />
				<Option type="1" />
				<Option compiler="gcc" />
				<Compiler>
					<Add option="-O2" />
				</Compiler>
				<Linker>
					<Add option="-s" />
				</Linker>
			</Target>
		</Build>
		<Compiler>
			<Add option="-Wall" />
		</Compiler>
		<Unit filename="Makefile" />
		<Unit filename="bruteforce.cpp" />
		<Unit filename="create.cpp" />
		<Unit filename="include/point.h" />
		<Unit filename="include/reader.h" />
		<Unit filename="include/runner.h" />
		<Unit filename="obj/Release/create.o" />
		<Unit filename="output/output100.txt" />
		<Unit filename="output/output1000.txt" />
		<Unit filename="output/output100000.txt" />
		<Unit filename="output/output1500.txt" />
		<Unit filename="output/output200.txt" />
		<Unit filename="output/output2000.txt" />
		<Unit filename="output/output2500.txt" />
		<Unit filename="output/output300.txt" />
		<Unit filename="output/output3000.txt" />
		<Unit filename="output/output400.txt" />
		<Unit filename="output/output4000.txt" />
		<Unit filename="output/output500.txt" />
		<Unit filename="output/output5000.txt" />
		<Unit filename="output/output600.txt" />
		<Unit filename="output/output6000.txt" />
		<Unit filename="output/output700.txt" />
		<Unit filename="output/output7000.txt" />
		<Unit filename="output/output800.txt" />
		<Unit filename="output/output8000.txt" />
		<Unit filename="output/output900.txt" />
		<Unit filename="output/output9000.txt" />
		<Extensions>
			<envvars />
			<code_completion />
			<debugger />
			<lib_finder disable_auto="1" />
		</Extensions>
	</Project>
</CodeBlocks_project_file>
